// !$*UTF8*$!
{
	archiveVersion = 1;
	classes = {
	};
	objectVersion = 55;
	objects = {

/* Begin PBXBuildFile section */
		E60EC0742A0963CF00AAD5E6 /* NewPassword.swift in Sources */ = {isa = PBXBuildFile; fileRef = E60EC0732A0963CF00AAD5E6 /* NewPassword.swift */; };
		E60EC0762A0970AE00AAD5E6 /* SaveParamsConnection.swift in Sources */ = {isa = PBXBuildFile; fileRef = E60EC0752A0970AE00AAD5E6 /* SaveParamsConnection.swift */; };
		E63C904429ED541500BE4323 /* InstagramFakeApp.swift in Sources */ = {isa = PBXBuildFile; fileRef = E63C904329ED541500BE4323 /* InstagramFakeApp.swift */; };
		E63C904629ED541500BE4323 /* ContentView.swift in Sources */ = {isa = PBXBuildFile; fileRef = E63C904529ED541500BE4323 /* ContentView.swift */; };
		E63C904829ED541C00BE4323 /* Assets.xcassets in Resources */ = {isa = PBXBuildFile; fileRef = E63C904729ED541C00BE4323 /* Assets.xcassets */; };
		E63C904B29ED541C00BE4323 /* Preview Assets.xcassets in Resources */ = {isa = PBXBuildFile; fileRef = E63C904A29ED541C00BE4323 /* Preview Assets.xcassets */; };
		E63C905229ED59DB00BE4323 /* SelectorLangue.swift in Sources */ = {isa = PBXBuildFile; fileRef = E63C905129ED59DB00BE4323 /* SelectorLangue.swift */; };
		E6B0B77729EEB5EE0078C09E /* Login.swift in Sources */ = {isa = PBXBuildFile; fileRef = E6B0B77629EEB5EE0078C09E /* Login.swift */; };
		E6B0B77929EECFE70078C09E /* Lostpassword.swift in Sources */ = {isa = PBXBuildFile; fileRef = E6B0B77829EECFE70078C09E /* Lostpassword.swift */; };
		E6B0B77B29EEEE310078C09E /* CreateAccount.swift in Sources */ = {isa = PBXBuildFile; fileRef = E6B0B77A29EEEE310078C09E /* CreateAccount.swift */; };
		E6E82B0E2A140DFA00B5E32E /* Welcome.swift in Sources */ = {isa = PBXBuildFile; fileRef = E6E82B0D2A140DFA00B5E32E /* Welcome.swift */; };
/* End PBXBuildFile section */

/* Begin PBXFileReference section */
		E60EC0732A0963CF00AAD5E6 /* NewPassword.swift */ = {isa = PBXFileReference; lastKnownFileType = sourcecode.swift; path = NewPassword.swift; sourceTree = "<group>"; };
		E60EC0752A0970AE00AAD5E6 /* SaveParamsConnection.swift */ = {isa = PBXFileReference; lastKnownFileType = sourcecode.swift; path = SaveParamsConnection.swift; sourceTree = "<group>"; };
		E63C904029ED541500BE4323 /* InstagramFake.app */ = {isa = PBXFileReference; explicitFileType = wrapper.application; includeInIndex = 0; path = InstagramFake.app; sourceTree = BUILT_PRODUCTS_DIR; };
		E63C904329ED541500BE4323 /* InstagramFakeApp.swift */ = {isa = PBXFileReference; lastKnownFileType = sourcecode.swift; path = InstagramFakeApp.swift; sourceTree = "<group>"; };
		E63C904529ED541500BE4323 /* ContentView.swift */ = {isa = PBXFileReference; lastKnownFileType = sourcecode.swift; path = ContentView.swift; sourceTree = "<group>"; };
		E63C904729ED541C00BE4323 /* Assets.xcassets */ = {isa = PBXFileReference; lastKnownFileType = folder.assetcatalog; path = Assets.xcassets; sourceTree = "<group>"; };
		E63C904A29ED541C00BE4323 /* Preview Assets.xcassets */ = {isa = PBXFileReference; lastKnownFileType = folder.assetcatalog; path = "Preview Assets.xcassets"; sourceTree = "<group>"; };
		E63C905129ED59DB00BE4323 /* SelectorLangue.swift */ = {isa = PBXFileReference; lastKnownFileType = sourcecode.swift; path = SelectorLangue.swift; sourceTree = "<group>"; };
		E6B0B77629EEB5EE0078C09E /* Login.swift */ = {isa = PBXFileReference; lastKnownFileType = sourcecode.swift; path = Login.swift; sourceTree = "<group>"; };
		E6B0B77829EECFE70078C09E /* Lostpassword.swift */ = {isa = PBXFileReference; lastKnownFileType = sourcecode.swift; path = Lostpassword.swift; sourceTree = "<group>"; };
		E6B0B77A29EEEE310078C09E /* CreateAccount.swift */ = {isa = PBXFileReference; lastKnownFileType = sourcecode.swift; path = CreateAccount.swift; sourceTree = "<group>"; };
		E6E82B0D2A140DFA00B5E32E /* Welcome.swift */ = {isa = PBXFileReference; lastKnownFileType = sourcecode.swift; path = Welcome.swift; sourceTree = "<group>"; };
/* End PBXFileReference section */

/* Begin PBXFrameworksBuildPhase section */
		E63C903D29ED541500BE4323 /* Frameworks */ = {
			isa = PBXFrameworksBuildPhase;
			buildActionMask = 2147483647;
			files = (
			);
			runOnlyForDeploymentPostprocessing = 0;
		};
/* End PBXFrameworksBuildPhase section */

/* Begin PBXGroup section */
		E63C903729ED541500BE4323 = {
			isa = PBXGroup;
			children = (
				E63C904229ED541500BE4323 /* InstagramFake */,
				E63C904129ED541500BE4323 /* Products */,
			);
			sourceTree = "<group>";
		};
		E63C904129ED541500BE4323 /* Products */ = {
			isa = PBXGroup;
			children = (
				E63C904029ED541500BE4323 /* InstagramFake.app */,
			);
			name = Products;
			sourceTree = "<group>";
		};
		E63C904229ED541500BE4323 /* InstagramFake */ = {
			isa = PBXGroup;
			children = (
				E6B0B77529EEB5C70078C09E /* Pages */,
				E63C904329ED541500BE4323 /* InstagramFakeApp.swift */,
				E63C904529ED541500BE4323 /* ContentView.swift */,
				E63C905129ED59DB00BE4323 /* SelectorLangue.swift */,
				E63C904729ED541C00BE4323 /* Assets.xcassets */,
				E63C904929ED541C00BE4323 /* Preview Content */,
			);
			path = InstagramFake;
			sourceTree = "<group>";
		};
		E63C904929ED541C00BE4323 /* Preview Content */ = {
			isa = PBXGroup;
			children = (
				E63C904A29ED541C00BE4323 /* Preview Assets.xcassets */,
			);
			path = "Preview Content";
			sourceTree = "<group>";
		};
		E6B0B77529EEB5C70078C09E /* Pages */ = {
			isa = PBXGroup;
			children = (
				E6B0B77629EEB5EE0078C09E /* Login.swift */,
				E6B0B77829EECFE70078C09E /* Lostpassword.swift */,
				E60EC0732A0963CF00AAD5E6 /* NewPassword.swift */,
				E6E82B0D2A140DFA00B5E32E /* Welcome.swift */,
				E6B0B77A29EEEE310078C09E /* CreateAccount.swift */,
				E60EC0752A0970AE00AAD5E6 /* SaveParamsConnection.swift */,
			);
			path = Pages;
			sourceTree = "<group>";
		};
/* End PBXGroup section */

/* Begin PBXNativeTarget section */
		E63C903F29ED541500BE4323 /* InstagramFake */ = {
			isa = PBXNativeTarget;
			buildConfigurationList = E63C904E29ED541C00BE4323 /* Build configuration list for PBXNativeTarget "InstagramFake" */;
			buildPhases = (
				E63C903C29ED541500BE4323 /* Sources */,
				E63C903D29ED541500BE4323 /* Frameworks */,
				E63C903E29ED541500BE4323 /* Resources */,
			);
			buildRules = (
			);
			dependencies = (
			);
			name = InstagramFake;
			productName = InstagramFake;
			productReference = E63C904029ED541500BE4323 /* InstagramFake.app */;
			productType = "com.apple.product-type.application";
		};
/* End PBXNativeTarget section */

/* Begin PBXProject section */
		E63C903829ED541500BE4323 /* Project object */ = {
			isa = PBXProject;
			attributes = {
				BuildIndependentTargetsInParallel = 1;
				LastSwiftUpdateCheck = 1340;
				LastUpgradeCheck = 1340;
				TargetAttributes = {
					E63C903F29ED541500BE4323 = {
						CreatedOnToolsVersion = 13.4.1;
					};
				};
			};
			buildConfigurationList = E63C903B29ED541500BE4323 /* Build configuration list for PBXProject "InstagramFake" */;
			compatibilityVersion = "Xcode 13.0";
			developmentRegion = en;
			hasScannedForEncodings = 0;
			knownRegions = (
				en,
				Base,
			);
			mainGroup = E63C903729ED541500BE4323;
			productRefGroup = E63C904129ED541500BE4323 /* Products */;
			projectDirPath = "";
			projectRoot = "";
			targets = (
				E63C903F29ED541500BE4323 /* InstagramFake */,
			);
		};
/* End PBXProject section */

/* Begin PBXResourcesBuildPhase section */
		E63C903E29ED541500BE4323 /* Resources */ = {
			isa = PBXResourcesBuildPhase;
			buildActionMask = 2147483647;
			files = (
				E63C904B29ED541C00BE4323 /* Preview Assets.xcassets in Resources */,
				E63C904829ED541C00BE4323 /* Assets.xcassets in Resources */,
			);
			runOnlyForDeploymentPostprocessing = 0;
		};
/* End PBXResourcesBuildPhase section */

/* Begin PBXSourcesBuildPhase section */
		E63C903C29ED541500BE4323 /* Sources */ = {
			isa = PBXSourcesBuildPhase;
			buildActionMask = 2147483647;
			files = (
				E60EC0762A0970AE00AAD5E6 /* SaveParamsConnection.swift in Sources */,
				E63C904629ED541500BE4323 /* ContentView.swift in Sources */,
				E6B0B77B29EEEE310078C09E /* CreateAccount.swift in Sources */,
				E63C904429ED541500BE4323 /* InstagramFakeApp.swift in Sources */,
				E63C905229ED59DB00BE4323 /* SelectorLangue.swift in Sources */,
				E6E82B0E2A140DFA00B5E32E /* Welcome.swift in Sources */,
				E6B0B77929EECFE70078C09E /* Lostpassword.swift in Sources */,
				E60EC0742A0963CF00AAD5E6 /* NewPassword.swift in Sources */,
				E6B0B77729EEB5EE0078C09E /* Login.swift in Sources */,
			);
			runOnlyForDeploymentPostprocessing = 0;
		};
/* End PBXSourcesBuildPhase section */

/* Begin XCBuildConfiguration section */
		E63C904C29ED541C00BE4323 /* Debug */ = {
			isa = XCBuildConfiguration;
			buildSettings = {
				ALWAYS_SEARCH_USER_PATHS = NO;
				CLANG_ANALYZER_NONNULL = YES;
				CLANG_ANALYZER_NUMBER_OBJECT_CONVERSION = YES_AGGRESSIVE;
				CLANG_CXX_LANGUAGE_STANDARD = "gnu++17";
				CLANG_ENABLE_MODULES = YES;
				CLANG_ENABLE_OBJC_ARC = YES;
				CLANG_ENABLE_OBJC_WEAK = YES;
				CLANG_WARN_BLOCK_CAPTURE_AUTORELEASING = YES;
				CLANG_WARN_BOOL_CONVERSION = YES;
				CLANG_WARN_COMMA = YES;
				CLANG_WARN_CONSTANT_CONVERSION = YES;
				CLANG_WARN_DEPRECATED_OBJC_IMPLEMENTATIONS = YES;
				CLANG_WARN_DIRECT_OBJC_ISA_USAGE = YES_ERROR;
				CLANG_WARN_DOCUMENTATION_COMMENTS = YES;
				CLANG_WARN_EMPTY_BODY = YES;
				CLANG_WARN_ENUM_CONVERSION = YES;
				CLANG_WARN_INFINITE_RECURSION = YES;
				CLANG_WARN_INT_CONVERSION = YES;
				CLANG_WARN_NON_LITERAL_NULL_CONVERSION = YES;
				CLANG_WARN_OBJC_IMPLICIT_RETAIN_SELF = YES;
				CLANG_WARN_OBJC_LITERAL_CONVERSION = YES;
				CLANG_WARN_OBJC_ROOT_CLASS = YES_ERROR;
				CLANG_WARN_QUOTED_INCLUDE_IN_FRAMEWORK_HEADER = YES;
				CLANG_WARN_RANGE_LOOP_ANALYSIS = YES;
				CLANG_WARN_STRICT_PROTOTYPES = YES;
				CLANG_WARN_SUSPICIOUS_MOVE = YES;
				CLANG_WARN_UNGUARDED_AVAILABILITY = YES_AGGRESSIVE;
				CLANG_WARN_UNREACHABLE_CODE = YES;
				CLANG_WARN__DUPLICATE_METHOD_MATCH = YES;
				COPY_PHASE_STRIP = NO;
				DEBUG_INFORMATION_FORMAT = dwarf;
				ENABLE_STRICT_OBJC_MSGSEND = YES;
				ENABLE_TESTABILITY = YES;
				GCC_C_LANGUAGE_STANDARD = gnu11;
				GCC_DYNAMIC_NO_PIC = NO;
				GCC_NO_COMMON_BLOCKS = YES;
				GCC_OPTIMIZATION_LEVEL = 0;
				GCC_PREPROCESSOR_DEFINITIONS = (
					"DEBUG=1",
					"$(inherited)",
				);
				GCC_WARN_64_TO_32_BIT_CONVERSION = YES;
				GCC_WARN_ABOUT_RETURN_TYPE = YES_ERROR;
				GCC_WARN_UNDECLARED_SELECTOR = YES;
				GCC_WARN_UNINITIALIZED_AUTOS = YES_AGGRESSIVE;
				GCC_WARN_UNUSED_FUNCTION = YES;
				GCC_WARN_UNUSED_VARIABLE = YES;
				IPHONEOS_DEPLOYMENT_TARGET = 15.5;
				MTL_ENABLE_DEBUG_INFO = INCLUDE_SOURCE;
				MTL_FAST_MATH = YES;
				ONLY_ACTIVE_ARCH = YES;
				SDKROOT = iphoneos;
				SWIFT_ACTIVE_COMPILATION_CONDITIONS = DEBUG;
				SWIFT_OPTIMIZATION_LEVEL = "-Onone";
			};
			name = Debug;
		};
		E63C904D29ED541C00BE4323 /* Release */ = {
			isa = XCBuildConfiguration;
			buildSettings = {
				ALWAYS_SEARCH_USER_PATHS = NO;
				CLANG_ANALYZER_NONNULL = YES;
				CLANG_ANALYZER_NUMBER_OBJECT_CONVERSION = YES_AGGRESSIVE;
				CLANG_CXX_LANGUAGE_STANDARD = "gnu++17";
				CLANG_ENABLE_MODULES = YES;
				CLANG_ENABLE_OBJC_ARC = YES;
				CLANG_ENABLE_OBJC_WEAK = YES;
				CLANG_WARN_BLOCK_CAPTURE_AUTORELEASING = YES;
				CLANG_WARN_BOOL_CONVERSION = YES;
				CLANG_WARN_COMMA = YES;
				CLANG_WARN_CONSTANT_CONVERSION = YES;
				CLANG_WARN_DEPRECATED_OBJC_IMPLEMENTATIONS = YES;
				CLANG_WARN_DIRECT_OBJC_ISA_USAGE = YES_ERROR;
				CLANG_WARN_DOCUMENTATION_COMMENTS = YES;
				CLANG_WARN_EMPTY_BODY = YES;
				CLANG_WARN_ENUM_CONVERSION = YES;
				CLANG_WARN_INFINITE_RECURSION = YES;
				CLANG_WARN_INT_CONVERSION = YES;
				CLANG_WARN_NON_LITERAL_NULL_CONVERSION = YES;
				CLANG_WARN_OBJC_IMPLICIT_RETAIN_SELF = YES;
				CLANG_WARN_OBJC_LITERAL_CONVERSION = YES;
				CLANG_WARN_OBJC_ROOT_CLASS = YES_ERROR;
				CLANG_WARN_QUOTED_INCLUDE_IN_FRAMEWORK_HEADER = YES;
				CLANG_WARN_RANGE_LOOP_ANALYSIS = YES;
				CLANG_WARN_STRICT_PROTOTYPES = YES;
				CLANG_WARN_SUSPICIOUS_MOVE = YES;
				CLANG_WARN_UNGUARDED_AVAILABILITY = YES_AGGRESSIVE;
				CLANG_WARN_UNREACHABLE_CODE = YES;
				CLANG_WARN__DUPLICATE_METHOD_MATCH = YES;
				COPY_PHASE_STRIP = NO;
				DEBUG_INFORMATION_FORMAT = "dwarf-with-dsym";
				ENABLE_NS_ASSERTIONS = NO;
				ENABLE_STRICT_OBJC_MSGSEND = YES;
				GCC_C_LANGUAGE_STANDARD = gnu11;
				GCC_NO_COMMON_BLOCKS = YES;
				GCC_WARN_64_TO_32_BIT_CONVERSION = YES;
				GCC_WARN_ABOUT_RETURN_TYPE = YES_ERROR;
				GCC_WARN_UNDECLARED_SELECTOR = YES;
				GCC_WARN_UNINITIALIZED_AUTOS = YES_AGGRESSIVE;
				GCC_WARN_UNUSED_FUNCTION = YES;
				GCC_WARN_UNUSED_VARIABLE = YES;
				IPHONEOS_DEPLOYMENT_TARGET = 15.5;
				MTL_ENABLE_DEBUG_INFO = NO;
				MTL_FAST_MATH = YES;
				SDKROOT = iphoneos;
				SWIFT_COMPILATION_MODE = wholemodule;
				SWIFT_OPTIMIZATION_LEVEL = "-O";
				VALIDATE_PRODUCT = YES;
			};
			name = Release;
		};
		E63C904F29ED541C00BE4323 /* Debug */ = {
			isa = XCBuildConfiguration;
			buildSettings = {
				ASSETCATALOG_COMPILER_APPICON_NAME = AppIcon;
				ASSETCATALOG_COMPILER_GLOBAL_ACCENT_COLOR_NAME = AccentColor;
				CODE_SIGN_STYLE = Automatic;
				CURRENT_PROJECT_VERSION = 1;
				DEVELOPMENT_ASSET_PATHS = "\"InstagramFake/Preview Content\"";
				ENABLE_PREVIEWS = YES;
				GENERATE_INFOPLIST_FILE = YES;
				INFOPLIST_KEY_UIApplicationSceneManifest_Generation = YES;
				INFOPLIST_KEY_UIApplicationSupportsIndirectInputEvents = YES;
				INFOPLIST_KEY_UILaunchScreen_Generation = YES;
				INFOPLIST_KEY_UISupportedInterfaceOrientations_iPad = "UIInterfaceOrientationPortrait UIInterfaceOrientationPortraitUpsideDown UIInterfaceOrientationLandscapeLeft UIInterfaceOrientationLandscapeRight";
				INFOPLIST_KEY_UISupportedInterfaceOrientations_iPhone = "UIInterfaceOrientationPortrait UIInterfaceOrientationLandscapeLeft UIInterfaceOrientationLandscapeRight";
				LD_RUNPATH_SEARCH_PATHS = (
					"$(inherited)",
					"@executable_path/Frameworks",
				);
				MARKETING_VERSION = 1.0;
				PRODUCT_BUNDLE_IDENTIFIER = appsamuel.InstagramFake;
				PRODUCT_NAME = "$(TARGET_NAME)";
				SWIFT_EMIT_LOC_STRINGS = YES;
				SWIFT_VERSION = 5.0;
				TARGETED_DEVICE_FAMILY = "1,2";
			};
			name = Debug;
		};
		E63C905029ED541C00BE4323 /* Release */ = {
			isa = XCBuildConfiguration;
			buildSettings = {
				ASSETCATALOG_COMPILER_APPICON_NAME = AppIcon;
				ASSETCATALOG_COMPILER_GLOBAL_ACCENT_COLOR_NAME = AccentColor;
				CODE_SIGN_STYLE = Automatic;
				CURRENT_PROJECT_VERSION = 1;
				DEVELOPMENT_ASSET_PATHS = "\"InstagramFake/Preview Content\"";
				ENABLE_PREVIEWS = YES;
				GENERATE_INFOPLIST_FILE = YES;
				INFOPLIST_KEY_UIApplicationSceneManifest_Generation = YES;
				INFOPLIST_KEY_UIApplicationSupportsIndirectInputEvents = YES;
				INFOPLIST_KEY_UILaunchScreen_Generation = YES;
				INFOPLIST_KEY_UISupportedInterfaceOrientations_iPad = "UIInterfaceOrientationPortrait UIInterfaceOrientationPortraitUpsideDown UIInterfaceOrientationLandscapeLeft UIInterfaceOrientationLandscapeRight";
				INFOPLIST_KEY_UISupportedInterfaceOrientations_iPhone = "UIInterfaceOrientationPortrait UIInterfaceOrientationLandscapeLeft UIInterfaceOrientationLandscapeRight";
				LD_RUNPATH_SEARCH_PATHS = (
					"$(inherited)",
					"@executable_path/Frameworks",
				);
				MARKETING_VERSION = 1.0;
				PRODUCT_BUNDLE_IDENTIFIER = appsamuel.InstagramFake;
				PRODUCT_NAME = "$(TARGET_NAME)";
				SWIFT_EMIT_LOC_STRINGS = YES;
				SWIFT_VERSION = 5.0;
				TARGETED_DEVICE_FAMILY = "1,2";
			};
			name = Release;
		};
/* End XCBuildConfiguration section */

/* Begin XCConfigurationList section */
		E63C903B29ED541500BE4323 /* Build configuration list for PBXProject "InstagramFake" */ = {
			isa = XCConfigurationList;
			buildConfigurations = (
				E63C904C29ED541C00BE4323 /* Debug */,
				E63C904D29ED541C00BE4323 /* Release */,
			);
			defaultConfigurationIsVisible = 0;
			defaultConfigurationName = Release;
		};
		E63C904E29ED541C00BE4323 /* Build configuration list for PBXNativeTarget "InstagramFake" */ = {
			isa = XCConfigurationList;
			buildConfigurations = (
				E63C904F29ED541C00BE4323 /* Debug */,
				E63C905029ED541C00BE4323 /* Release */,
			);
			defaultConfigurationIsVisible = 0;
			defaultConfigurationName = Release;
		};
/* End XCConfigurationList section */
	};
	rootObject = E63C903829ED541500BE4323 /* Project object */;
}
